
Microsoft Visual Studio Solution File, Format Version 12.00
# Visual Studio 14
VisualStudioVersion = 14.0.25420.1
MinimumVisualStudioVersion = 10.0.40219.1
Project("{8BC9CEB8-8B4A-11D0-8D11-00A0C91BC942}") = "blockchain_parser", "blockchain_parser\blockchain_parser.vcxproj", "{4DF15E18-B128-4301-89F8-94C7870BECEB}"
	ProjectSection(ProjectDependencies) = postProject
		{7257052D-387F-4E31-8ACE-096733198D46} = {7257052D-387F-4E31-8ACE-096733198D46}
		{8365084C-7F31-4C9B-9E81-BF77FF4B328C} = {8365084C-7F31-4C9B-9E81-BF77FF4B328C}
		{DBBD6956-9CBC-422E-8055-62CC11D3CFF3} = {DBBD6956-9CBC-422E-8055-62CC11D3CFF3}
		{3A42FC7C-FE89-475F-996E-9AF69C6D22A1} = {3A42FC7C-FE89-475F-996E-9AF69C6D22A1}
	EndProjectSection
EndProject
Project("{FAE04EC0-301F-11D3-BF4B-00C04F79EFBC}") = "RpcTest", "RpcTest\RpcTest.csproj", "{C5D94253-4062-4E75-B86E-95209785DE8E}"
EndProject
Project("{FAE04EC0-301F-11D3-BF4B-00C04F79EFBC}") = "LibraryTest", "LibraryTest\LibraryTest.csproj", "{2D63CF08-842E-4076-8745-43E90EF69262}"
	ProjectSection(ProjectDependencies) = postProject
		{14B1440F-3639-480A-B20A-E9AD5C42CB59} = {14B1440F-3639-480A-B20A-E9AD5C42CB59}
	EndProjectSection
EndProject
Project("{8BC9CEB8-8B4A-11D0-8D11-00A0C91BC942}") = "libbtcparser", "libbtcparser\libbtcparser.vcxproj", "{7257052D-387F-4E31-8ACE-096733198D46}"
EndProject
Project("{8BC9CEB8-8B4A-11D0-8D11-00A0C91BC942}") = "libhash", "libhash\libhash.vcxproj", "{8365084C-7F31-4C9B-9E81-BF77FF4B328C}"
EndProject
Project("{8BC9CEB8-8B4A-11D0-8D11-00A0C91BC942}") = "sqlitepp", "sqlitepp\sqlitepp.vcxproj", "{DBBD6956-9CBC-422E-8055-62CC11D3CFF3}"
EndProject
Project("{8BC9CEB8-8B4A-11D0-8D11-00A0C91BC942}") = "libmisc", "libmisc\libmisc.vcxproj", "{3A42FC7C-FE89-475F-996E-9AF69C6D22A1}"
EndProject
Project("{8BC9CEB8-8B4A-11D0-8D11-00A0C91BC942}") = "libbtcindex", "libbtcindex\libbtcindex.vcxproj", "{14B1440F-3639-480A-B20A-E9AD5C42CB59}"
	ProjectSection(ProjectDependencies) = postProject
		{7257052D-387F-4E31-8ACE-096733198D46} = {7257052D-387F-4E31-8ACE-096733198D46}
		{8365084C-7F31-4C9B-9E81-BF77FF4B328C} = {8365084C-7F31-4C9B-9E81-BF77FF4B328C}
		{DBBD6956-9CBC-422E-8055-62CC11D3CFF3} = {DBBD6956-9CBC-422E-8055-62CC11D3CFF3}
		{3A42FC7C-FE89-475F-996E-9AF69C6D22A1} = {3A42FC7C-FE89-475F-996E-9AF69C6D22A1}
	EndProjectSection
EndProject
Project("{FAE04EC0-301F-11D3-BF4B-00C04F79EFBC}") = "NktBtcIndex", "NktBtcIndex\NktBtcIndex.csproj", "{7D36F348-5DE3-4DAB-9D31-4C0B59346C36}"
	ProjectSection(ProjectDependencies) = postProject
		{14B1440F-3639-480A-B20A-E9AD5C42CB59} = {14B1440F-3639-480A-B20A-E9AD5C42CB59}
	EndProjectSection
EndProject
Project("{8BC9CEB8-8B4A-11D0-8D11-00A0C91BC942}") = "change_structure", "change_structure\change_structure.vcxproj", "{B217B465-66F1-419A-816F-E7A1B2A4B34C}"
	ProjectSection(ProjectDependencies) = postProject
		{DBBD6956-9CBC-422E-8055-62CC11D3CFF3} = {DBBD6956-9CBC-422E-8055-62CC11D3CFF3}
	EndProjectSection
EndProject
Global
	GlobalSection(SolutionConfigurationPlatforms) = preSolution
		Debug|x64 = Debug|x64
		Debug|x86 = Debug|x86
		Release|x64 = Release|x64
		Release|x86 = Release|x86
	EndGlobalSection
	GlobalSection(ProjectConfigurationPlatforms) = postSolution
		{4DF15E18-B128-4301-89F8-94C7870BECEB}.Debug|x64.ActiveCfg = Debug|x64
		{4DF15E18-B128-4301-89F8-94C7870BECEB}.Debug|x64.Build.0 = Debug|x64
		{4DF15E18-B128-4301-89F8-94C7870BECEB}.Debug|x86.ActiveCfg = Debug|Win32
		{4DF15E18-B128-4301-89F8-94C7870BECEB}.Debug|x86.Build.0 = Debug|Win32
		{4DF15E18-B128-4301-89F8-94C7870BECEB}.Release|x64.ActiveCfg = Release|x64
		{4DF15E18-B128-4301-89F8-94C7870BECEB}.Release|x64.Build.0 = Release|x64
		{4DF15E18-B128-4301-89F8-94C7870BECEB}.Release|x86.ActiveCfg = Release|Win32
		{4DF15E18-B128-4301-89F8-94C7870BECEB}.Release|x86.Build.0 = Release|Win32
		{C5D94253-4062-4E75-B86E-95209785DE8E}.Debug|x64.ActiveCfg = Debug|Any CPU
		{C5D94253-4062-4E75-B86E-95209785DE8E}.Debug|x64.Build.0 = Debug|Any CPU
		{C5D94253-4062-4E75-B86E-95209785DE8E}.Debug|x86.ActiveCfg = Debug|Any CPU
		{C5D94253-4062-4E75-B86E-95209785DE8E}.Release|x64.ActiveCfg = Release|Any CPU
		{C5D94253-4062-4E75-B86E-95209785DE8E}.Release|x64.Build.0 = Release|Any CPU
		{C5D94253-4062-4E75-B86E-95209785DE8E}.Release|x86.ActiveCfg = Release|Any CPU
		{2D63CF08-842E-4076-8745-43E90EF69262}.Debug|x64.ActiveCfg = Debug|x64
		{2D63CF08-842E-4076-8745-43E90EF69262}.Debug|x64.Build.0 = Debug|x64
		{2D63CF08-842E-4076-8745-43E90EF69262}.Debug|x86.ActiveCfg = Debug|x64
		{2D63CF08-842E-4076-8745-43E90EF69262}.Release|x64.ActiveCfg = Release|x64
		{2D63CF08-842E-4076-8745-43E90EF69262}.Release|x64.Build.0 = Release|x64
		{2D63CF08-842E-4076-8745-43E90EF69262}.Release|x86.ActiveCfg = Release|x64
		{7257052D-387F-4E31-8ACE-096733198D46}.Debug|x64.ActiveCfg = Debug|x64
		{7257052D-387F-4E31-8ACE-096733198D46}.Debug|x64.Build.0 = Debug|x64
		{7257052D-387F-4E31-8ACE-096733198D46}.Debug|x86.ActiveCfg = Debug|Win32
		{7257052D-387F-4E31-8ACE-096733198D46}.Debug|x86.Build.0 = Debug|Win32
		{7257052D-387F-4E31-8ACE-096733198D46}.Release|x64.ActiveCfg = Release|x64
		{7257052D-387F-4E31-8ACE-096733198D46}.Release|x64.Build.0 = Release|x64
		{7257052D-387F-4E31-8ACE-096733198D46}.Release|x86.ActiveCfg = Release|Win32
		{7257052D-387F-4E31-8ACE-096733198D46}.Release|x86.Build.0 = Release|Win32
		{8365084C-7F31-4C9B-9E81-BF77FF4B328C}.Debug|x64.ActiveCfg = Debug|x64
		{8365084C-7F31-4C9B-9E81-BF77FF4B328C}.Debug|x64.Build.0 = Debug|x64
		{8365084C-7F31-4C9B-9E81-BF77FF4B328C}.Debug|x86.ActiveCfg = Debug|Win32
		{8365084C-7F31-4C9B-9E81-BF77FF4B328C}.Debug|x86.Build.0 = Debug|Win32
		{8365084C-7F31-4C9B-9E81-BF77FF4B328C}.Release|x64.ActiveCfg = Release|x64
		{8365084C-7F31-4C9B-9E81-BF77FF4B328C}.Release|x64.Build.0 = Release|x64
		{8365084C-7F31-4C9B-9E81-BF77FF4B328C}.Release|x86.ActiveCfg = Release|Win32
		{8365084C-7F31-4C9B-9E81-BF77FF4B328C}.Release|x86.Build.0 = Release|Win32
		{DBBD6956-9CBC-422E-8055-62CC11D3CFF3}.Debug|x64.ActiveCfg = Debug|x64
		{DBBD6956-9CBC-422E-8055-62CC11D3CFF3}.Debug|x64.Build.0 = Debug|x64
		{DBBD6956-9CBC-422E-8055-62CC11D3CFF3}.Debug|x86.ActiveCfg = Debug|Win32
		{DBBD6956-9CBC-422E-8055-62CC11D3CFF3}.Debug|x86.Build.0 = Debug|Win32
		{DBBD6956-9CBC-422E-8055-62CC11D3CFF3}.Release|x64.ActiveCfg = Release|x64
		{DBBD6956-9CBC-422E-8055-62CC11D3CFF3}.Release|x64.Build.0 = Release|x64
		{DBBD6956-9CBC-422E-8055-62CC11D3CFF3}.Release|x86.ActiveCfg = Release|Win32
		{DBBD6956-9CBC-422E-8055-62CC11D3CFF3}.Release|x86.Build.0 = Release|Win32
		{3A42FC7C-FE89-475F-996E-9AF69C6D22A1}.Debug|x64.ActiveCfg = Debug|x64
		{3A42FC7C-FE89-475F-996E-9AF69C6D22A1}.Debug|x64.Build.0 = Debug|x64
		{3A42FC7C-FE89-475F-996E-9AF69C6D22A1}.Debug|x86.ActiveCfg = Debug|Win32
		{3A42FC7C-FE89-475F-996E-9AF69C6D22A1}.Debug|x86.Build.0 = Debug|Win32
		{3A42FC7C-FE89-475F-996E-9AF69C6D22A1}.Release|x64.ActiveCfg = Release|x64
		{3A42FC7C-FE89-475F-996E-9AF69C6D22A1}.Release|x64.Build.0 = Release|x64
		{3A42FC7C-FE89-475F-996E-9AF69C6D22A1}.Release|x86.ActiveCfg = Release|Win32
		{3A42FC7C-FE89-475F-996E-9AF69C6D22A1}.Release|x86.Build.0 = Release|Win32
		{14B1440F-3639-480A-B20A-E9AD5C42CB59}.Debug|x64.ActiveCfg = Debug|x64
		{14B1440F-3639-480A-B20A-E9AD5C42CB59}.Debug|x64.Build.0 = Debug|x64
		{14B1440F-3639-480A-B20A-E9AD5C42CB59}.Debug|x86.ActiveCfg = Debug|Win32
		{14B1440F-3639-480A-B20A-E9AD5C42CB59}.Debug|x86.Build.0 = Debug|Win32
		{14B1440F-3639-480A-B20A-E9AD5C42CB59}.Release|x64.ActiveCfg = Release|x64
		{14B1440F-3639-480A-B20A-E9AD5C42CB59}.Release|x64.Build.0 = Release|x64
		{14B1440F-3639-480A-B20A-E9AD5C42CB59}.Release|x86.ActiveCfg = Release|Win32
		{14B1440F-3639-480A-B20A-E9AD5C42CB59}.Release|x86.Build.0 = Release|Win32
		{7D36F348-5DE3-4DAB-9D31-4C0B59346C36}.Debug|x64.ActiveCfg = Debug|x64
		{7D36F348-5DE3-4DAB-9D31-4C0B59346C36}.Debug|x64.Build.0 = Debug|x64
		{7D36F348-5DE3-4DAB-9D31-4C0B59346C36}.Debug|x86.ActiveCfg = Debug|x64
		{7D36F348-5DE3-4DAB-9D31-4C0B59346C36}.Release|x64.ActiveCfg = Release|x64
		{7D36F348-5DE3-4DAB-9D31-4C0B59346C36}.Release|x64.Build.0 = Release|x64
		{7D36F348-5DE3-4DAB-9D31-4C0B59346C36}.Release|x86.ActiveCfg = Release|x64
		{B217B465-66F1-419A-816F-E7A1B2A4B34C}.Debug|x64.ActiveCfg = Debug|x64
		{B217B465-66F1-419A-816F-E7A1B2A4B34C}.Debug|x64.Build.0 = Debug|x64
		{B217B465-66F1-419A-816F-E7A1B2A4B34C}.Debug|x86.ActiveCfg = Debug|Win32
		{B217B465-66F1-419A-816F-E7A1B2A4B34C}.Debug|x86.Build.0 = Debug|Win32
		{B217B465-66F1-419A-816F-E7A1B2A4B34C}.Release|x64.ActiveCfg = Release|x64
		{B217B465-66F1-419A-816F-E7A1B2A4B34C}.Release|x64.Build.0 = Release|x64
		{B217B465-66F1-419A-816F-E7A1B2A4B34C}.Release|x86.ActiveCfg = Release|Win32
		{B217B465-66F1-419A-816F-E7A1B2A4B34C}.Release|x86.Build.0 = Release|Win32
	EndGlobalSection
	GlobalSection(SolutionProperties) = preSolution
		HideSolutionNode = FALSE
	EndGlobalSection
EndGlobal
